#
# This file is autogenerated by pip-compile with Python 3.10
# by the following command:
#
#    pip-compile --output-file=requirements.lock pyproject.toml
#
backports-tarfile==1.2.0
    # via jaraco-context
certifi==2026.4.22
    # via requests
cffi==2.0.0
    # via cryptography
charset-normalizer==3.4.7
    # via requests
cryptography==47.0.0
    # via secretstorage
idna==3.13
    # via requests
importlib-metadata==9.0.0
    # via keyring
jaraco-classes==3.4.0
    # via keyring
jaraco-context==6.1.2
    # via keyring
jaraco-functools==4.4.0
    # via keyring
jeepney==0.9.0
    # via
    #   keyring
    #   secretstorage
keyring==25.7.0
    # via captivity-cli (pyproject.toml)
more-itertools==11.0.2
    # via
    #   jaraco-classes
    #   jaraco-functools
pycparser==3.0
    # via cffi
requests==2.33.1
    # via captivity-cli (pyproject.toml)
secretstorage==3.5.0
    # via keyring
typing-extensions==4.15.0
    # via cryptography
urllib3==2.6.3
    # via requests
zipp==3.23.1
    # via importlib-metadata
